
Microsoft Visual Studio Solution File, Format Version 12.00
# Visual Studio 15
Project("{FAE04EC0-301F-11D3-BF4B-00C04F79EFBC}") = "TOWNFORLEGENDARYPINAPPLE", "TOWNFORLEGENDARYPINAPPLE.csproj", "{1CE4B911-75E8-E3E2-D2EB-B8CF6C719367}"
EndProject
Project("{FAE04EC0-301F-11D3-BF4B-00C04F79EFBC}") = "TOWNFORLEGENDARYPINAPPLE.Editor", "TOWNFORLEGENDARYPINAPPLE.Editor.csproj", "{6540BDB0-598C-5084-F816-FEEC9A7A1B10}"
EndProject
Global
	GlobalSection(SolutionConfigurationPlatforms) = preSolution
		Debug|Any CPU = Debug|Any CPU
		Release|Any CPU = Release|Any CPU
	EndGlobalSection
	GlobalSection(ProjectConfigurationPlatforms) = postSolution
		{1CE4B911-75E8-E3E2-D2EB-B8CF6C719367}.Debug|Any CPU.ActiveCfg = Debug|Any CPU
		{1CE4B911-75E8-E3E2-D2EB-B8CF6C719367}.Debug|Any CPU.Build.0 = Debug|Any CPU
		{1CE4B911-75E8-E3E2-D2EB-B8CF6C719367}.Release|Any CPU.ActiveCfg = Release|Any CPU
		{1CE4B911-75E8-E3E2-D2EB-B8CF6C719367}.Release|Any CPU.Build.0 = Release|Any CPU
		{6540BDB0-598C-5084-F816-FEEC9A7A1B10}.Debug|Any CPU.ActiveCfg = Debug|Any CPU
		{6540BDB0-598C-5084-F816-FEEC9A7A1B10}.Debug|Any CPU.Build.0 = Debug|Any CPU
		{6540BDB0-598C-5084-F816-FEEC9A7A1B10}.Release|Any CPU.ActiveCfg = Release|Any CPU
		{6540BDB0-598C-5084-F816-FEEC9A7A1B10}.Release|Any CPU.Build.0 = Release|Any CPU
	EndGlobalSection
	GlobalSection(SolutionProperties) = preSolution
		HideSolutionNode = FALSE
	EndGlobalSection
EndGlobal
